
Microsoft Visual Studio Solution File, Format Version 12.00
# Visual Studio 15
VisualStudioVersion = 15.0.27130.2024
MinimumVisualStudioVersion = 10.0.40219.1
Project("{FAE04EC0-301F-11D3-BF4B-00C04F79EFBC}") = "DynamicTypeFactory", "DynamicTypeFactory\DynamicTypeFactory.csproj", "{FC50095B-3671-479F-94D3-9F07D07747C3}"
EndProject
Project("{FAE04EC0-301F-11D3-BF4B-00C04F79EFBC}") = "DynamicTypeFactory.Test", "DynamicTypeFactory.Test\DynamicTypeFactory.Test.csproj", "{C2794F7E-FCEE-4F0C-A077-F43012F274EF}"
EndProject
Global
	GlobalSection(SolutionConfigurationPlatforms) = preSolution
		Debug|Any CPU = Debug|Any CPU
		Release|Any CPU = Release|Any CPU
	EndGlobalSection
	GlobalSection(ProjectConfigurationPlatforms) = postSolution
		{FC50095B-3671-479F-94D3-9F07D07747C3}.Debug|Any CPU.ActiveCfg = Debug|Any CPU
		{FC50095B-3671-479F-94D3-9F07D07747C3}.Debug|Any CPU.Build.0 = Debug|Any CPU
		{FC50095B-3671-479F-94D3-9F07D07747C3}.Release|Any CPU.ActiveCfg = Release|Any CPU
		{FC50095B-3671-479F-94D3-9F07D07747C3}.Release|Any CPU.Build.0 = Release|Any CPU
		{C2794F7E-FCEE-4F0C-A077-F43012F274EF}.Debug|Any CPU.ActiveCfg = Debug|Any CPU
		{C2794F7E-FCEE-4F0C-A077-F43012F274EF}.Debug|Any CPU.Build.0 = Debug|Any CPU
		{C2794F7E-FCEE-4F0C-A077-F43012F274EF}.Release|Any CPU.ActiveCfg = Release|Any CPU
		{C2794F7E-FCEE-4F0C-A077-F43012F274EF}.Release|Any CPU.Build.0 = Release|Any CPU
	EndGlobalSection
	GlobalSection(SolutionProperties) = preSolution
		HideSolutionNode = FALSE
	EndGlobalSection
	GlobalSection(ExtensibilityGlobals) = postSolution
		SolutionGuid = {BA00D2B2-8FF7-4CFF-A2ED-0747F93D326E}
	EndGlobalSection
EndGlobal
